
Microsoft Visual Studio Solution File, Format Version 12.00
# Visual Studio 15
VisualStudioVersion = 15.0.26430.12
MinimumVisualStudioVersion = 10.0.40219.1
Project("{FAE04EC0-301F-11D3-BF4B-00C04F79EFBC}") = "WebPaginaUno", "WebPaginaUno\WebPaginaUno.csproj", "{B82406AF-9C89-4FDE-858A-2E37BE4CCF31}"
EndProject
Global
	GlobalSection(SolutionConfigurationPlatforms) = preSolution
		Debug|Any CPU = Debug|Any CPU
		Release|Any CPU = Release|Any CPU
	EndGlobalSection
	GlobalSection(ProjectConfigurationPlatforms) = postSolution
		{B82406AF-9C89-4FDE-858A-2E37BE4CCF31}.Debug|Any CPU.ActiveCfg = Debug|Any CPU
		{B82406AF-9C89-4FDE-858A-2E37BE4CCF31}.Debug|Any CPU.Build.0 = Debug|Any CPU
		{B82406AF-9C89-4FDE-858A-2E37BE4CCF31}.Release|Any CPU.ActiveCfg = Release|Any CPU
		{B82406AF-9C89-4FDE-858A-2E37BE4CCF31}.Release|Any CPU.Build.0 = Release|Any CPU
	EndGlobalSection
	GlobalSection(SolutionProperties) = preSolution
		HideSolutionNode = FALSE
	EndGlobalSection
EndGlobal
